
Microsoft Visual Studio Solution File, Format Version 12.00
# Visual Studio Version 17
VisualStudioVersion = 17.11.35327.3
MinimumVisualStudioVersion = 10.0.40219.1
Project("{FAE04EC0-301F-11D3-BF4B-00C04F79EFBC}") = "Typing_Game", "Typing_Game\Typing_Game.csproj", "{97B32AB5-7F74-4327-9A82-4750CC51EB0C}"
EndProject
Global
	GlobalSection(SolutionConfigurationPlatforms) = preSolution
		Debug|Any CPU = Debug|Any CPU
		Release|Any CPU = Release|Any CPU
	EndGlobalSection
	GlobalSection(ProjectConfigurationPlatforms) = postSolution
		{97B32AB5-7F74-4327-9A82-4750CC51EB0C}.Debug|Any CPU.ActiveCfg = Debug|Any CPU
		{97B32AB5-7F74-4327-9A82-4750CC51EB0C}.Debug|Any CPU.Build.0 = Debug|Any CPU
		{97B32AB5-7F74-4327-9A82-4750CC51EB0C}.Release|Any CPU.ActiveCfg = Release|Any CPU
		{97B32AB5-7F74-4327-9A82-4750CC51EB0C}.Release|Any CPU.Build.0 = Release|Any CPU
	EndGlobalSection
	GlobalSection(SolutionProperties) = preSolution
		HideSolutionNode = FALSE
	EndGlobalSection
	GlobalSection(ExtensibilityGlobals) = postSolution
		SolutionGuid = {18454B3A-A8B6-493C-9A5F-5F944E3D193C}
	EndGlobalSection
EndGlobal
